# This file is automatically @generated by Cargo.
# It is not intended for manual editing.
version = 3

[[package]]
name = "human-sort"
version = "0.2.2"
source = "registry+https://github.com/rust-lang/crates.io-index"
checksum = "140a09c9305e6d5e557e2ed7cbc68e05765a7d4213975b87cb04920689cc6219"

[[package]]
name = "rtop_dev"
version = "1.1.0-beta.1"
dependencies = [
 "human-sort",
]
